
Microsoft Visual Studio Solution File, Format Version 12.00
# Visual Studio Version 16
VisualStudioVersion = 16.0.31729.503
MinimumVisualStudioVersion = 10.0.40219.1
Project("{FAE04EC0-301F-11D3-BF4B-00C04F79EFBC}") = "asptask1", "asptask1\asptask1.csproj", "{8C498247-5E74-46CB-AF92-4CA59937425F}"
EndProject
Global
	GlobalSection(SolutionConfigurationPlatforms) = preSolution
		Debug|Any CPU = Debug|Any CPU
		Release|Any CPU = Release|Any CPU
	EndGlobalSection
	GlobalSection(ProjectConfigurationPlatforms) = postSolution
		{8C498247-5E74-46CB-AF92-4CA59937425F}.Debug|Any CPU.ActiveCfg = Debug|Any CPU
		{8C498247-5E74-46CB-AF92-4CA59937425F}.Debug|Any CPU.Build.0 = Debug|Any CPU
		{8C498247-5E74-46CB-AF92-4CA59937425F}.Release|Any CPU.ActiveCfg = Release|Any CPU
		{8C498247-5E74-46CB-AF92-4CA59937425F}.Release|Any CPU.Build.0 = Release|Any CPU
	EndGlobalSection
	GlobalSection(SolutionProperties) = preSolution
		HideSolutionNode = FALSE
	EndGlobalSection
	GlobalSection(ExtensibilityGlobals) = postSolution
		SolutionGuid = {CD45F5A1-A7BF-47BD-965F-6CC9B58A1709}
	EndGlobalSection
EndGlobal
